
Microsoft Visual Studio Solution File, Format Version 12.00
# Visual Studio Version 17
VisualStudioVersion = 17.0.31912.275
MinimumVisualStudioVersion = 10.0.40219.1
Project("{FAE04EC0-301F-11D3-BF4B-00C04F79EFBC}") = "WpfApp1", "WpfApp1\WpfApp1.csproj", "{2B3C3FA1-A66E-4DF9-95C3-18206A9FCCD0}"
EndProject
Project("{FAE04EC0-301F-11D3-BF4B-00C04F79EFBC}") = "WpfApp2", "..\WpfApp2\WpfApp2.csproj", "{245B1F0B-DCF5-4391-AEC8-1E2D55EDD7C6}"
EndProject
Global
	GlobalSection(SolutionConfigurationPlatforms) = preSolution
		Debug|Any CPU = Debug|Any CPU
		Release|Any CPU = Release|Any CPU
	EndGlobalSection
	GlobalSection(ProjectConfigurationPlatforms) = postSolution
		{2B3C3FA1-A66E-4DF9-95C3-18206A9FCCD0}.Debug|Any CPU.ActiveCfg = Debug|Any CPU
		{2B3C3FA1-A66E-4DF9-95C3-18206A9FCCD0}.Debug|Any CPU.Build.0 = Debug|Any CPU
		{2B3C3FA1-A66E-4DF9-95C3-18206A9FCCD0}.Release|Any CPU.ActiveCfg = Release|Any CPU
		{2B3C3FA1-A66E-4DF9-95C3-18206A9FCCD0}.Release|Any CPU.Build.0 = Release|Any CPU
		{245B1F0B-DCF5-4391-AEC8-1E2D55EDD7C6}.Debug|Any CPU.ActiveCfg = Debug|Any CPU
		{245B1F0B-DCF5-4391-AEC8-1E2D55EDD7C6}.Debug|Any CPU.Build.0 = Debug|Any CPU
		{245B1F0B-DCF5-4391-AEC8-1E2D55EDD7C6}.Release|Any CPU.ActiveCfg = Release|Any CPU
		{245B1F0B-DCF5-4391-AEC8-1E2D55EDD7C6}.Release|Any CPU.Build.0 = Release|Any CPU
	EndGlobalSection
	GlobalSection(SolutionProperties) = preSolution
		HideSolutionNode = FALSE
	EndGlobalSection
	GlobalSection(ExtensibilityGlobals) = postSolution
		SolutionGuid = {15F28253-F8CB-4C2B-B57E-BF4C9EEE9319}
	EndGlobalSection
EndGlobal
